{
  "version": 4,
  "terraform_version": "1.12.2",
  "serial": 12,
  "lineage": "409497cd-1c2a-6c1a-7dc8-3503b54754dc",
  "outputs": {
    "floating_ip_address": {
      "value": "192.168.2.133",
      "type": "string"
    },
    "instance_private_ip": {
      "value": "10.0.0.52",
      "type": "string"
    }
  },
  "resources": [
    {
      "mode": "data",
      "type": "openstack_compute_flavor_v2",
      "name": "flavor",
      "provider": "provider[\"registry.terraform.io/terraform-provider-openstack/openstack\"]",
      "instances": [
        {
          "schema_version": 0,
          "attributes": {
            "description": "",
            "disk": 1,
            "extra_specs": {},
            "flavor_id": "113a4f8d-90f9-4bee-8b1c-4b28553651b0",
            "id": "113a4f8d-90f9-4bee-8b1c-4b28553651b0",
            "is_public": true,
            "min_disk": null,
            "min_ram": null,
            "name": "m1.tiny",
            "ram": 256,
            "region": "RegionOne",
            "rx_tx_factor": 1,
            "swap": 0,
            "vcpus": 1
          },
          "sensitive_attributes": [],
          "identity_schema_version": 0
        }
      ]
    },
    {
      "mode": "data",
      "type": "openstack_images_image_v2",
      "name": "image",
      "provider": "provider[\"registry.terraform.io/terraform-provider-openstack/openstack\"]",
      "instances": [
        {
          "schema_version": 0,
          "attributes": {
            "checksum": "c8fc807773e5354afe61636071771906",
            "container_format": "bare",
            "created_at": "2026-04-06T23:48:05Z",
            "disk_format": "qcow2",
            "file": "/v2/images/777ea2cb-8e91-44d2-8582-431281de0f48/file",
            "hidden": false,
            "id": "777ea2cb-8e91-44d2-8582-431281de0f48",
            "member_status": null,
            "metadata": {},
            "min_disk_gb": 0,
            "min_ram_mb": 0,
            "most_recent": true,
            "name": "cirros",
            "name_regex": null,
            "owner": "c5a31a936e9c4da7b99d670a4d544b1b",
            "properties": {
              "os_hash_algo": "sha512",
              "os_hash_value": "1103b92ce8ad966e41235a4de260deb791ff571670c0342666c8582fbb9caefe6af07ebb11d34f44f8414b609b29c1bdf1d72ffa6faa39c88e8721d09847952b",
              "owner_specified.openstack.md5": "",
              "owner_specified.openstack.object": "images/cirros",
              "owner_specified.openstack.sha256": "",
              "stores": "file"
            },
            "protected": false,
            "region": "RegionOne",
            "schema": "/v2/schemas/image",
            "size_bytes": 21430272,
            "size_max": null,
            "size_min": null,
            "sort": "name:asc",
            "tag": null,
            "tags": [],
            "updated_at": "2026-04-06T23:48:08Z",
            "visibility": "public"
          },
          "sensitive_attributes": [],
          "identity_schema_version": 0
        }
      ]
    },
    {
      "mode": "data",
      "type": "openstack_networking_network_v2",
      "name": "provider",
      "provider": "provider[\"registry.terraform.io/terraform-provider-openstack/openstack\"]",
      "instances": [
        {
          "schema_version": 0,
          "attributes": {
            "admin_state_up": "true",
            "all_tags": [],
            "availability_zone_hints": [
              "nova"
            ],
            "description": "",
            "dns_domain": "",
            "external": true,
            "id": "27c10869-7fd7-458f-8d4c-7a6264a14707",
            "matching_subnet_cidr": null,
            "mtu": 1500,
            "name": "provider-net",
            "network_id": null,
            "region": "RegionOne",
            "segments": [
              {
                "network_type": "flat",
                "physical_network": "physnet1",
                "segmentation_id": 0
              }
            ],
            "shared": "false",
            "status": null,
            "subnets": [
              "1031adcf-81e3-4147-b8ad-828aa1a21dfd"
            ],
            "tags": null,
            "tenant_id": "c5a31a936e9c4da7b99d670a4d544b1b",
            "transparent_vlan": false
          },
          "sensitive_attributes": [],
          "identity_schema_version": 0
        }
      ]
    },
    {
      "mode": "managed",
      "type": "openstack_compute_instance_v2",
      "name": "test",
      "provider": "provider[\"registry.terraform.io/terraform-provider-openstack/openstack\"]",
      "instances": [
        {
          "schema_version": 0,
          "attributes": {
            "access_ip_v4": "10.0.0.52",
            "access_ip_v6": "",
            "admin_pass": null,
            "all_metadata": {},
            "all_tags": [],
            "availability_zone": "nova",
            "availability_zone_hints": null,
            "block_device": [],
            "config_drive": null,
            "created": "2026-04-07 14:17:28 +0000 UTC",
            "flavor_id": "113a4f8d-90f9-4bee-8b1c-4b28553651b0",
            "flavor_name": "m1.tiny",
            "force_delete": false,
            "hypervisor_hostname": "cloud-eugene",
            "id": "4aa73cf2-14e0-4599-821a-f7304fd58b6e",
            "image_id": "777ea2cb-8e91-44d2-8582-431281de0f48",
            "image_name": "cirros",
            "key_pair": "",
            "metadata": null,
            "name": "test-instance",
            "network": [
              {
                "access_network": false,
                "fixed_ip_v4": "10.0.0.52",
                "fixed_ip_v6": "",
                "mac": "fa:16:3e:87:d2:99",
                "name": "test-net",
                "port": "3752c642-7710-40dc-98e9-b989dbe23a97",
                "uuid": "1ca42776-3b94-4ac6-8b35-3796b6febebb"
              }
            ],
            "network_mode": null,
            "personality": [],
            "power_state": "active",
            "region": "RegionOne",
            "scheduler_hints": [],
            "security_groups": [
              "test-sg"
            ],
            "stop_before_destroy": false,
            "tags": null,
            "timeouts": null,
            "updated": "2026-04-07 14:17:48 +0000 UTC",
            "user_data": null,
            "vendor_options": []
          },
          "sensitive_attributes": [
            [
              {
                "type": "get_attr",
                "value": "admin_pass"
              }
            ]
          ],
          "identity_schema_version": 0,
          "private": "eyJlMmJmYjczMC1lY2FhLTExZTYtOGY4OC0zNDM2M2JjN2M0YzAiOnsiY3JlYXRlIjoxODAwMDAwMDAwMDAwLCJkZWxldGUiOjE4MDAwMDAwMDAwMDAsInVwZGF0ZSI6MTgwMDAwMDAwMDAwMH19",
          "dependencies": [
            "data.openstack_compute_flavor_v2.flavor",
            "data.openstack_images_image_v2.image",
            "data.openstack_networking_network_v2.provider",
            "openstack_networking_network_v2.tenant",
            "openstack_networking_port_v2.test",
            "openstack_networking_router_interface_v2.router_if",
            "openstack_networking_router_v2.router",
            "openstack_networking_secgroup_v2.test",
            "openstack_networking_subnet_v2.tenant"
          ]
        }
      ]
    },
    {
      "mode": "managed",
      "type": "openstack_networking_floatingip_associate_v2",
      "name": "test",
      "provider": "provider[\"registry.terraform.io/terraform-provider-openstack/openstack\"]",
      "instances": [
        {
          "schema_version": 0,
          "attributes": {
            "fixed_ip": "10.0.0.52",
            "floating_ip": "192.168.2.133",
            "id": "67fcd381-12b9-46a2-abfb-aa768913cd9d",
            "port_id": "3752c642-7710-40dc-98e9-b989dbe23a97",
            "region": "RegionOne"
          },
          "sensitive_attributes": [],
          "identity_schema_version": 0,
          "private": "bnVsbA==",
          "dependencies": [
            "data.openstack_networking_network_v2.provider",
            "openstack_networking_floatingip_v2.test",
            "openstack_networking_network_v2.tenant",
            "openstack_networking_port_v2.test",
            "openstack_networking_router_interface_v2.router_if",
            "openstack_networking_router_v2.router",
            "openstack_networking_secgroup_v2.test",
            "openstack_networking_subnet_v2.tenant"
          ]
        }
      ]
    },
    {
      "mode": "managed",
      "type": "openstack_networking_floatingip_v2",
      "name": "test",
      "provider": "provider[\"registry.terraform.io/terraform-provider-openstack/openstack\"]",
      "instances": [
        {
          "schema_version": 0,
          "attributes": {
            "address": "192.168.2.133",
            "all_tags": [],
            "description": "",
            "dns_domain": "",
            "dns_name": "",
            "fixed_ip": "",
            "id": "67fcd381-12b9-46a2-abfb-aa768913cd9d",
            "pool": "provider-net",
            "port_id": "",
            "region": "RegionOne",
            "subnet_id": null,
            "subnet_ids": null,
            "tags": null,
            "tenant_id": "c5a31a936e9c4da7b99d670a4d544b1b",
            "timeouts": null,
            "value_specs": null
          },
          "sensitive_attributes": [],
          "identity_schema_version": 0,
          "private": "eyJlMmJmYjczMC1lY2FhLTExZTYtOGY4OC0zNDM2M2JjN2M0YzAiOnsiY3JlYXRlIjo2MDAwMDAwMDAwMDAsImRlbGV0ZSI6NjAwMDAwMDAwMDAwfX0=",
          "dependencies": [
            "data.openstack_networking_network_v2.provider"
          ]
        }
      ]
    },
    {
      "mode": "managed",
      "type": "openstack_networking_network_v2",
      "name": "tenant",
      "provider": "provider[\"registry.terraform.io/terraform-provider-openstack/openstack\"]",
      "instances": [
        {
          "schema_version": 0,
          "attributes": {
            "admin_state_up": true,
            "all_tags": [],
            "availability_zone_hints": [
              "nova"
            ],
            "description": "",
            "dns_domain": "",
            "external": false,
            "id": "1ca42776-3b94-4ac6-8b35-3796b6febebb",
            "mtu": 1442,
            "name": "test-net",
            "port_security_enabled": true,
            "qos_policy_id": "",
            "region": "RegionOne",
            "segments": [
              {
                "network_type": "geneve",
                "physical_network": "",
                "segmentation_id": 483
              }
            ],
            "shared": false,
            "tags": null,
            "tenant_id": "c5a31a936e9c4da7b99d670a4d544b1b",
            "timeouts": null,
            "transparent_vlan": false,
            "value_specs": null
          },
          "sensitive_attributes": [],
          "identity_schema_version": 0,
          "private": "eyJlMmJmYjczMC1lY2FhLTExZTYtOGY4OC0zNDM2M2JjN2M0YzAiOnsiY3JlYXRlIjo2MDAwMDAwMDAwMDAsImRlbGV0ZSI6NjAwMDAwMDAwMDAwfX0="
        }
      ]
    },
    {
      "mode": "managed",
      "type": "openstack_networking_port_v2",
      "name": "test",
      "provider": "provider[\"registry.terraform.io/terraform-provider-openstack/openstack\"]",
      "instances": [
        {
          "schema_version": 0,
          "attributes": {
            "admin_state_up": true,
            "all_fixed_ips": [
              "10.0.0.52"
            ],
            "all_security_group_ids": [
              "1bf4b104-9f39-4f9e-93fa-42070120ffee"
            ],
            "all_tags": [],
            "allowed_address_pairs": [],
            "binding": [
              {
                "host_id": "",
                "profile": "{}",
                "vif_details": {},
                "vif_type": "unbound",
                "vnic_type": "normal"
              }
            ],
            "description": "",
            "device_id": "",
            "device_owner": "",
            "dns_assignment": [],
            "dns_name": "",
            "extra_dhcp_option": [],
            "fixed_ip": [
              {
                "ip_address": "",
                "subnet_id": "c5b09368-2ae4-4d5f-a626-d311df05cdba"
              }
            ],
            "id": "3752c642-7710-40dc-98e9-b989dbe23a97",
            "mac_address": "fa:16:3e:87:d2:99",
            "name": "test-port",
            "network_id": "1ca42776-3b94-4ac6-8b35-3796b6febebb",
            "no_fixed_ip": null,
            "no_security_groups": null,
            "port_security_enabled": true,
            "qos_policy_id": "",
            "region": "RegionOne",
            "security_group_ids": [
              "1bf4b104-9f39-4f9e-93fa-42070120ffee"
            ],
            "tags": null,
            "tenant_id": "c5a31a936e9c4da7b99d670a4d544b1b",
            "timeouts": null,
            "value_specs": null
          },
          "sensitive_attributes": [],
          "identity_schema_version": 0,
          "private": "eyJlMmJmYjczMC1lY2FhLTExZTYtOGY4OC0zNDM2M2JjN2M0YzAiOnsiY3JlYXRlIjo2MDAwMDAwMDAwMDAsImRlbGV0ZSI6NjAwMDAwMDAwMDAwfX0=",
          "dependencies": [
            "data.openstack_networking_network_v2.provider",
            "openstack_networking_network_v2.tenant",
            "openstack_networking_router_interface_v2.router_if",
            "openstack_networking_router_v2.router",
            "openstack_networking_secgroup_v2.test",
            "openstack_networking_subnet_v2.tenant"
          ]
        }
      ]
    },
    {
      "mode": "managed",
      "type": "openstack_networking_router_interface_v2",
      "name": "router_if",
      "provider": "provider[\"registry.terraform.io/terraform-provider-openstack/openstack\"]",
      "instances": [
        {
          "schema_version": 0,
          "attributes": {
            "force_destroy": false,
            "id": "30a3476d-e46a-4e42-86c1-943fd28231b8",
            "port_id": "30a3476d-e46a-4e42-86c1-943fd28231b8",
            "region": "RegionOne",
            "router_id": "f0bf3959-9dc1-4a80-b4f5-e76c0de783c0",
            "subnet_id": "c5b09368-2ae4-4d5f-a626-d311df05cdba",
            "timeouts": null
          },
          "sensitive_attributes": [],
          "identity_schema_version": 0,
          "private": "eyJlMmJmYjczMC1lY2FhLTExZTYtOGY4OC0zNDM2M2JjN2M0YzAiOnsiY3JlYXRlIjo2MDAwMDAwMDAwMDAsImRlbGV0ZSI6NjAwMDAwMDAwMDAwfX0=",
          "dependencies": [
            "data.openstack_networking_network_v2.provider",
            "openstack_networking_network_v2.tenant",
            "openstack_networking_router_v2.router",
            "openstack_networking_subnet_v2.tenant"
          ]
        }
      ]
    },
    {
      "mode": "managed",
      "type": "openstack_networking_router_v2",
      "name": "router",
      "provider": "provider[\"registry.terraform.io/terraform-provider-openstack/openstack\"]",
      "instances": [
        {
          "schema_version": 0,
          "attributes": {
            "admin_state_up": true,
            "all_tags": [],
            "availability_zone_hints": [
              "nova"
            ],
            "description": "",
            "distributed": false,
            "enable_snat": true,
            "external_fixed_ip": [
              {
                "ip_address": "192.168.2.136",
                "subnet_id": "1031adcf-81e3-4147-b8ad-828aa1a21dfd"
              }
            ],
            "external_network_id": "27c10869-7fd7-458f-8d4c-7a6264a14707",
            "external_qos_policy_id": null,
            "external_subnet_ids": null,
            "id": "f0bf3959-9dc1-4a80-b4f5-e76c0de783c0",
            "name": "test-router",
            "region": "RegionOne",
            "tags": null,
            "tenant_id": "c5a31a936e9c4da7b99d670a4d544b1b",
            "timeouts": null,
            "value_specs": null,
            "vendor_options": []
          },
          "sensitive_attributes": [],
          "identity_schema_version": 0,
          "private": "eyJlMmJmYjczMC1lY2FhLTExZTYtOGY4OC0zNDM2M2JjN2M0YzAiOnsiY3JlYXRlIjo2MDAwMDAwMDAwMDAsImRlbGV0ZSI6NjAwMDAwMDAwMDAwfX0=",
          "dependencies": [
            "data.openstack_networking_network_v2.provider"
          ]
        }
      ]
    },
    {
      "mode": "managed",
      "type": "openstack_networking_secgroup_rule_v2",
      "name": "icmp",
      "provider": "provider[\"registry.terraform.io/terraform-provider-openstack/openstack\"]",
      "instances": [
        {
          "schema_version": 0,
          "attributes": {
            "description": "",
            "direction": "ingress",
            "ethertype": "IPv4",
            "id": "96ac1be2-ced2-48cb-b3f8-c9bf1cc153ed",
            "port_range_max": 0,
            "port_range_min": 0,
            "protocol": "icmp",
            "region": "RegionOne",
            "remote_address_group_id": "",
            "remote_group_id": "",
            "remote_ip_prefix": "",
            "security_group_id": "1bf4b104-9f39-4f9e-93fa-42070120ffee",
            "tenant_id": "c5a31a936e9c4da7b99d670a4d544b1b",
            "timeouts": null
          },
          "sensitive_attributes": [],
          "identity_schema_version": 0,
          "private": "eyJlMmJmYjczMC1lY2FhLTExZTYtOGY4OC0zNDM2M2JjN2M0YzAiOnsiZGVsZXRlIjo2MDAwMDAwMDAwMDB9fQ==",
          "dependencies": [
            "openstack_networking_secgroup_v2.test"
          ]
        }
      ]
    },
    {
      "mode": "managed",
      "type": "openstack_networking_secgroup_rule_v2",
      "name": "ssh",
      "provider": "provider[\"registry.terraform.io/terraform-provider-openstack/openstack\"]",
      "instances": [
        {
          "schema_version": 0,
          "attributes": {
            "description": "",
            "direction": "ingress",
            "ethertype": "IPv4",
            "id": "253c7824-c94c-423b-b254-a51d99527cdb",
            "port_range_max": 22,
            "port_range_min": 22,
            "protocol": "tcp",
            "region": "RegionOne",
            "remote_address_group_id": "",
            "remote_group_id": "",
            "remote_ip_prefix": "",
            "security_group_id": "1bf4b104-9f39-4f9e-93fa-42070120ffee",
            "tenant_id": "c5a31a936e9c4da7b99d670a4d544b1b",
            "timeouts": null
          },
          "sensitive_attributes": [],
          "identity_schema_version": 0,
          "private": "eyJlMmJmYjczMC1lY2FhLTExZTYtOGY4OC0zNDM2M2JjN2M0YzAiOnsiZGVsZXRlIjo2MDAwMDAwMDAwMDB9fQ==",
          "dependencies": [
            "openstack_networking_secgroup_v2.test"
          ]
        }
      ]
    },
    {
      "mode": "managed",
      "type": "openstack_networking_secgroup_v2",
      "name": "test",
      "provider": "provider[\"registry.terraform.io/terraform-provider-openstack/openstack\"]",
      "instances": [
        {
          "schema_version": 0,
          "attributes": {
            "all_tags": [],
            "delete_default_rules": null,
            "description": "Allow ICMP and SSH",
            "id": "1bf4b104-9f39-4f9e-93fa-42070120ffee",
            "name": "test-sg",
            "region": "RegionOne",
            "stateful": true,
            "tags": null,
            "tenant_id": "c5a31a936e9c4da7b99d670a4d544b1b",
            "timeouts": null
          },
          "sensitive_attributes": [],
          "identity_schema_version": 0,
          "private": "eyJlMmJmYjczMC1lY2FhLTExZTYtOGY4OC0zNDM2M2JjN2M0YzAiOnsiZGVsZXRlIjo2MDAwMDAwMDAwMDB9fQ=="
        }
      ]
    },
    {
      "mode": "managed",
      "type": "openstack_networking_subnet_v2",
      "name": "tenant",
      "provider": "provider[\"registry.terraform.io/terraform-provider-openstack/openstack\"]",
      "instances": [
        {
          "schema_version": 0,
          "attributes": {
            "all_tags": [],
            "allocation_pool": [
              {
                "end": "10.0.0.254",
                "start": "10.0.0.2"
              }
            ],
            "cidr": "10.0.0.0/24",
            "description": "",
            "dns_nameservers": [
              "8.8.8.8"
            ],
            "dns_publish_fixed_ip": false,
            "enable_dhcp": true,
            "gateway_ip": "10.0.0.1",
            "id": "c5b09368-2ae4-4d5f-a626-d311df05cdba",
            "ip_version": 4,
            "ipv6_address_mode": "",
            "ipv6_ra_mode": "",
            "name": "test-subnet",
            "network_id": "1ca42776-3b94-4ac6-8b35-3796b6febebb",
            "no_gateway": false,
            "prefix_length": null,
            "region": "RegionOne",
            "segment_id": "",
            "service_types": [],
            "subnetpool_id": "",
            "tags": null,
            "tenant_id": "c5a31a936e9c4da7b99d670a4d544b1b",
            "timeouts": null,
            "value_specs": null
          },
          "sensitive_attributes": [],
          "identity_schema_version": 0,
          "private": "eyJlMmJmYjczMC1lY2FhLTExZTYtOGY4OC0zNDM2M2JjN2M0YzAiOnsiY3JlYXRlIjo2MDAwMDAwMDAwMDAsImRlbGV0ZSI6NjAwMDAwMDAwMDAwfX0=",
          "dependencies": [
            "openstack_networking_network_v2.tenant"
          ]
        }
      ]
    }
  ],
  "check_results": null
}
